// !$*UTF8*$!
{
	archiveVersion = 1;
	classes = {
	};
	objectVersion = 77;
	objects = {

/* Begin PBXBuildFile section */
		9C4B51A69D808996EA751140 /* WorkoutDraftTests.swift in Sources */ = {isa = PBXBuildFile; fileRef = F82EF71EB6232C75C2552980 /* WorkoutDraftTests.swift */; };
/* End PBXBuildFile section */

/* Begin PBXContainerItemProxy section */
		80A262436D9F5BC6A389D794 /* PBXContainerItemProxy */ = {
			isa = PBXContainerItemProxy;
			containerPortal = F980602E91E79D1B442BB54C /* Project object */;
			proxyType = 1;
			remoteGlobalIDString = 97ED479F325F1D488134F49E;
			remoteInfo = LiftWatch;
		};
/* End PBXContainerItemProxy section */

/* Begin PBXFileReference section */
		95F08369115B5F1CA403423D /* LiftWatch.app */ = {isa = PBXFileReference; explicitFileType = wrapper.application; includeInIndex = 0; path = LiftWatch.app; sourceTree = BUILT_PRODUCTS_DIR; };
		F250F7EE406F4C1694D6057D /* LiftWatchTests.xctest */ = {isa = PBXFileReference; explicitFileType = wrapper.cfbundle; includeInIndex = 0; path = LiftWatchTests.xctest; sourceTree = BUILT_PRODUCTS_DIR; };
		F82EF71EB6232C75C2552980 /* WorkoutDraftTests.swift */ = {isa = PBXFileReference; lastKnownFileType = sourcecode.swift; path = WorkoutDraftTests.swift; sourceTree = "<group>"; };
/* End PBXFileReference section */

/* Begin PBXGroup section */
		720C49792ECA44B8E4A90C39 /* LiftWatchTests */ = {
			isa = PBXGroup;
			children = (
				F82EF71EB6232C75C2552980 /* WorkoutDraftTests.swift */,
			);
			path = LiftWatchTests;
			sourceTree = "<group>";
		};
		80AD56EF7B4D53AB6E4985E8 /* LiftWatch */ = {
			isa = PBXGroup;
			children = (
			);
			path = LiftWatch;
			sourceTree = "<group>";
		};
		823A464B36FF59E17C2871F8 = {
			isa = PBXGroup;
			children = (
				80AD56EF7B4D53AB6E4985E8 /* LiftWatch */,
				720C49792ECA44B8E4A90C39 /* LiftWatchTests */,
				BFE8E20188C654C7828BC1C3 /* Products */,
			);
			sourceTree = "<group>";
		};
		BFE8E20188C654C7828BC1C3 /* Products */ = {
			isa = PBXGroup;
			children = (
				95F08369115B5F1CA403423D /* LiftWatch.app */,
				F250F7EE406F4C1694D6057D /* LiftWatchTests.xctest */,
			);
			name = Products;
			sourceTree = "<group>";
		};
/* End PBXGroup section */

/* Begin PBXNativeTarget section */
		97ED479F325F1D488134F49E /* LiftWatch */ = {
			isa = PBXNativeTarget;
			buildConfigurationList = 7188F5F62B073CD28A964720 /* Build configuration list for PBXNativeTarget "LiftWatch" */;
			buildPhases = (
			);
			buildRules = (
			);
			dependencies = (
			);
			name = LiftWatch;
			packageProductDependencies = (
			);
			productName = LiftWatch;
			productReference = 95F08369115B5F1CA403423D /* LiftWatch.app */;
			productType = "com.apple.product-type.application.watchapp2";
		};
		DC1CB6519C6B978674B5BAAE /* LiftWatchTests */ = {
			isa = PBXNativeTarget;
			buildConfigurationList = 3F051A34118B071D9CA6E075 /* Build configuration list for PBXNativeTarget "LiftWatchTests" */;
			buildPhases = (
				91A6EEC6E94E597D2C5C8F9F /* Sources */,
			);
			buildRules = (
			);
			dependencies = (
				860A5DAF7C237B47AD025926 /* PBXTargetDependency */,
			);
			name = LiftWatchTests;
			packageProductDependencies = (
			);
			productName = LiftWatchTests;
			productReference = F250F7EE406F4C1694D6057D /* LiftWatchTests.xctest */;
			productType = "com.apple.product-type.bundle.unit-test";
		};
/* End PBXNativeTarget section */

/* Begin PBXProject section */
		F980602E91E79D1B442BB54C /* Project object */ = {
			isa = PBXProject;
			attributes = {
				BuildIndependentTargetsInParallel = YES;
				LastUpgradeCheck = 1430;
				TargetAttributes = {
				};
			};
			buildConfigurationList = 1A5216FA1EAA44584F8FECC9 /* Build configuration list for PBXProject "LiftWatch" */;
			developmentRegion = en;
			hasScannedForEncodings = 0;
			knownRegions = (
				Base,
				en,
			);
			mainGroup = 823A464B36FF59E17C2871F8;
			minimizedProjectReferenceProxies = 1;
			preferredProjectObjectVersion = 77;
			productRefGroup = BFE8E20188C654C7828BC1C3 /* Products */;
			projectDirPath = "";
			projectRoot = "";
			targets = (
				97ED479F325F1D488134F49E /* LiftWatch */,
				DC1CB6519C6B978674B5BAAE /* LiftWatchTests */,
			);
		};
/* End PBXProject section */

/* Begin PBXSourcesBuildPhase section */
		91A6EEC6E94E597D2C5C8F9F /* Sources */ = {
			isa = PBXSourcesBuildPhase;
			buildActionMask = 2147483647;
			files = (
				9C4B51A69D808996EA751140 /* WorkoutDraftTests.swift in Sources */,
			);
			runOnlyForDeploymentPostprocessing = 0;
		};
/* End PBXSourcesBuildPhase section */

/* Begin PBXTargetDependency section */
		860A5DAF7C237B47AD025926 /* PBXTargetDependency */ = {
			isa = PBXTargetDependency;
			target = 97ED479F325F1D488134F49E /* LiftWatch */;
			targetProxy = 80A262436D9F5BC6A389D794 /* PBXContainerItemProxy */;
		};
/* End PBXTargetDependency section */

/* Begin XCBuildConfiguration section */
		04C3C707FA8FFF07DF1EF6F5 /* Release */ = {
			isa = XCBuildConfiguration;
			buildSettings = {
				ALWAYS_SEARCH_USER_PATHS = NO;
				CLANG_ANALYZER_NONNULL = YES;
				CLANG_ANALYZER_NUMBER_OBJECT_CONVERSION = YES_AGGRESSIVE;
				CLANG_CXX_LANGUAGE_STANDARD = "gnu++14";
				CLANG_CXX_LIBRARY = "libc++";
				CLANG_ENABLE_MODULES = YES;
				CLANG_ENABLE_OBJC_ARC = YES;
				CLANG_ENABLE_OBJC_WEAK = YES;
				CLANG_WARN_BLOCK_CAPTURE_AUTORELEASING = YES;
				CLANG_WARN_BOOL_CONVERSION = YES;
				CLANG_WARN_COMMA = YES;
				CLANG_WARN_CONSTANT_CONVERSION = YES;
				CLANG_WARN_DEPRECATED_OBJC_IMPLEMENTATIONS = YES;
				CLANG_WARN_DIRECT_OBJC_ISA_USAGE = YES_ERROR;
				CLANG_WARN_DOCUMENTATION_COMMENTS = YES;
				CLANG_WARN_EMPTY_BODY = YES;
				CLANG_WARN_ENUM_CONVERSION = YES;
				CLANG_WARN_INFINITE_RECURSION = YES;
				CLANG_WARN_INT_CONVERSION = YES;
				CLANG_WARN_NON_LITERAL_NULL_CONVERSION = YES;
				CLANG_WARN_OBJC_IMPLICIT_RETAIN_SELF = YES;
				CLANG_WARN_OBJC_LITERAL_CONVERSION = YES;
				CLANG_WARN_OBJC_ROOT_CLASS = YES_ERROR;
				CLANG_WARN_QUOTED_INCLUDE_IN_FRAMEWORK_HEADER = YES;
				CLANG_WARN_RANGE_LOOP_ANALYSIS = YES;
				CLANG_WARN_STRICT_PROTOTYPES = YES;
				CLANG_WARN_SUSPICIOUS_MOVE = YES;
				CLANG_WARN_UNGUARDED_AVAILABILITY = YES_AGGRESSIVE;
				CLANG_WARN_UNREACHABLE_CODE = YES;
				CLANG_WARN__DUPLICATE_METHOD_MATCH = YES;
				COPY_PHASE_STRIP = NO;
				DEBUG_INFORMATION_FORMAT = "dwarf-with-dsym";
				ENABLE_NS_ASSERTIONS = NO;
				ENABLE_STRICT_OBJC_MSGSEND = YES;
				GCC_C_LANGUAGE_STANDARD = gnu11;
				GCC_NO_COMMON_BLOCKS = YES;
				GCC_WARN_64_TO_32_BIT_CONVERSION = YES;
				GCC_WARN_ABOUT_RETURN_TYPE = YES_ERROR;
				GCC_WARN_UNDECLARED_SELECTOR = YES;
				GCC_WARN_UNINITIALIZED_AUTOS = YES_AGGRESSIVE;
				GCC_WARN_UNUSED_FUNCTION = YES;
				GCC_WARN_UNUSED_VARIABLE = YES;
				MTL_ENABLE_DEBUG_INFO = NO;
				MTL_FAST_MATH = YES;
				PRODUCT_NAME = "$(TARGET_NAME)";
				SDKROOT = watchos;
				SWIFT_COMPILATION_MODE = wholemodule;
				SWIFT_OPTIMIZATION_LEVEL = "-O";
				SWIFT_VERSION = 5.0;
			};
			name = Release;
		};
		30AA62ECD65742CA12D19CCF /* Debug */ = {
			isa = XCBuildConfiguration;
			buildSettings = {
				GENERATE_INFOPLIST_FILE = YES;
				PRODUCT_BUNDLE_IDENTIFIER = com.dugcanlift.watch;
				SDKROOT = watchos;
				SKIP_INSTALL = YES;
				TARGETED_DEVICE_FAMILY = 4;
				WATCHOS_DEPLOYMENT_TARGET = 10.0;
			};
			name = Debug;
		};
		337733A52A6AD524ED3523FA /* Debug */ = {
			isa = XCBuildConfiguration;
			buildSettings = {
				ALWAYS_SEARCH_USER_PATHS = NO;
				CLANG_ANALYZER_NONNULL = YES;
				CLANG_ANALYZER_NUMBER_OBJECT_CONVERSION = YES_AGGRESSIVE;
				CLANG_CXX_LANGUAGE_STANDARD = "gnu++14";
				CLANG_CXX_LIBRARY = "libc++";
				CLANG_ENABLE_MODULES = YES;
				CLANG_ENABLE_OBJC_ARC = YES;
				CLANG_ENABLE_OBJC_WEAK = YES;
				CLANG_WARN_BLOCK_CAPTURE_AUTORELEASING = YES;
				CLANG_WARN_BOOL_CONVERSION = YES;
				CLANG_WARN_COMMA = YES;
				CLANG_WARN_CONSTANT_CONVERSION = YES;
				CLANG_WARN_DEPRECATED_OBJC_IMPLEMENTATIONS = YES;
				CLANG_WARN_DIRECT_OBJC_ISA_USAGE = YES_ERROR;
				CLANG_WARN_DOCUMENTATION_COMMENTS = YES;
				CLANG_WARN_EMPTY_BODY = YES;
				CLANG_WARN_ENUM_CONVERSION = YES;
				CLANG_WARN_INFINITE_RECURSION = YES;
				CLANG_WARN_INT_CONVERSION = YES;
				CLANG_WARN_NON_LITERAL_NULL_CONVERSION = YES;
				CLANG_WARN_OBJC_IMPLICIT_RETAIN_SELF = YES;
				CLANG_WARN_OBJC_LITERAL_CONVERSION = YES;
				CLANG_WARN_OBJC_ROOT_CLASS = YES_ERROR;
				CLANG_WARN_QUOTED_INCLUDE_IN_FRAMEWORK_HEADER = YES;
				CLANG_WARN_RANGE_LOOP_ANALYSIS = YES;
				CLANG_WARN_STRICT_PROTOTYPES = YES;
				CLANG_WARN_SUSPICIOUS_MOVE = YES;
				CLANG_WARN_UNGUARDED_AVAILABILITY = YES_AGGRESSIVE;
				CLANG_WARN_UNREACHABLE_CODE = YES;
				CLANG_WARN__DUPLICATE_METHOD_MATCH = YES;
				COPY_PHASE_STRIP = NO;
				DEBUG_INFORMATION_FORMAT = dwarf;
				ENABLE_STRICT_OBJC_MSGSEND = YES;
				ENABLE_TESTABILITY = YES;
				GCC_C_LANGUAGE_STANDARD = gnu11;
				GCC_DYNAMIC_NO_PIC = NO;
				GCC_NO_COMMON_BLOCKS = YES;
				GCC_OPTIMIZATION_LEVEL = 0;
				GCC_PREPROCESSOR_DEFINITIONS = (
					"$(inherited)",
					"DEBUG=1",
				);
				GCC_WARN_64_TO_32_BIT_CONVERSION = YES;
				GCC_WARN_ABOUT_RETURN_TYPE = YES_ERROR;
				GCC_WARN_UNDECLARED_SELECTOR = YES;
				GCC_WARN_UNINITIALIZED_AUTOS = YES_AGGRESSIVE;
				GCC_WARN_UNUSED_FUNCTION = YES;
				GCC_WARN_UNUSED_VARIABLE = YES;
				MTL_ENABLE_DEBUG_INFO = INCLUDE_SOURCE;
				MTL_FAST_MATH = YES;
				ONLY_ACTIVE_ARCH = YES;
				PRODUCT_NAME = "$(TARGET_NAME)";
				SDKROOT = watchos;
				SWIFT_ACTIVE_COMPILATION_CONDITIONS = DEBUG;
				SWIFT_OPTIMIZATION_LEVEL = "-Onone";
				SWIFT_VERSION = 5.0;
			};
			name = Debug;
		};
		7082921C5DD223C84C26C606 /* Release */ = {
			isa = XCBuildConfiguration;
			buildSettings = {
				GENERATE_INFOPLIST_FILE = YES;
				PRODUCT_BUNDLE_IDENTIFIER = com.dugcanlift.watch;
				SDKROOT = watchos;
				SKIP_INSTALL = YES;
				TARGETED_DEVICE_FAMILY = 4;
				WATCHOS_DEPLOYMENT_TARGET = 10.0;
			};
			name = Release;
		};
		A9EA67F4E72B687C640B3833 /* Debug */ = {
			isa = XCBuildConfiguration;
			buildSettings = {
				BUNDLE_LOADER = "$(TEST_HOST)";
				GENERATE_INFOPLIST_FILE = YES;
				LD_RUNPATH_SEARCH_PATHS = (
					"$(inherited)",
					"@executable_path/Frameworks",
					"@loader_path/Frameworks",
				);
				PRODUCT_BUNDLE_IDENTIFIER = com.dugcanlift.watch.tests;
				SDKROOT = watchos;
				SKIP_INSTALL = YES;
				TARGETED_DEVICE_FAMILY = 4;
				TEST_HOST = "$(BUILT_PRODUCTS_DIR)/LiftWatch.app/LiftWatch";
				WATCHOS_DEPLOYMENT_TARGET = 10.0;
			};
			name = Debug;
		};
		EECDC81B9BC43BC008AE1050 /* Release */ = {
			isa = XCBuildConfiguration;
			buildSettings = {
				BUNDLE_LOADER = "$(TEST_HOST)";
				GENERATE_INFOPLIST_FILE = YES;
				LD_RUNPATH_SEARCH_PATHS = (
					"$(inherited)",
					"@executable_path/Frameworks",
					"@loader_path/Frameworks",
				);
				PRODUCT_BUNDLE_IDENTIFIER = com.dugcanlift.watch.tests;
				SDKROOT = watchos;
				SKIP_INSTALL = YES;
				TARGETED_DEVICE_FAMILY = 4;
				TEST_HOST = "$(BUILT_PRODUCTS_DIR)/LiftWatch.app/LiftWatch";
				WATCHOS_DEPLOYMENT_TARGET = 10.0;
			};
			name = Release;
		};
/* End XCBuildConfiguration section */

/* Begin XCConfigurationList section */
		1A5216FA1EAA44584F8FECC9 /* Build configuration list for PBXProject "LiftWatch" */ = {
			isa = XCConfigurationList;
			buildConfigurations = (
				337733A52A6AD524ED3523FA /* Debug */,
				04C3C707FA8FFF07DF1EF6F5 /* Release */,
			);
			defaultConfigurationIsVisible = 0;
			defaultConfigurationName = Debug;
		};
		3F051A34118B071D9CA6E075 /* Build configuration list for PBXNativeTarget "LiftWatchTests" */ = {
			isa = XCConfigurationList;
			buildConfigurations = (
				A9EA67F4E72B687C640B3833 /* Debug */,
				EECDC81B9BC43BC008AE1050 /* Release */,
			);
			defaultConfigurationIsVisible = 0;
			defaultConfigurationName = Debug;
		};
		7188F5F62B073CD28A964720 /* Build configuration list for PBXNativeTarget "LiftWatch" */ = {
			isa = XCConfigurationList;
			buildConfigurations = (
				30AA62ECD65742CA12D19CCF /* Debug */,
				7082921C5DD223C84C26C606 /* Release */,
			);
			defaultConfigurationIsVisible = 0;
			defaultConfigurationName = Debug;
		};
/* End XCConfigurationList section */
	};
	rootObject = F980602E91E79D1B442BB54C /* Project object */;
}
